
Microsoft Visual Studio Solution File, Format Version 12.00
# Visual Studio Version 16
VisualStudioVersion = 16.0.31205.134
MinimumVisualStudioVersion = 10.0.40219.1
Project("{D954291E-2A0B-460D-934E-DC6B0785DB48}") = "StorjPhotoGalleryUploader.Shared", "StorjPhotoGalleryUploader.Shared\StorjPhotoGalleryUploader.Shared.shproj", "{6279C845-92F8-4333-AB99-3D213163593C}"
EndProject
Project("{2150E333-8FDC-42A3-9474-1A3956D46DE8}") = "Platforms", "Platforms", "{49561CC3-D7CF-4CC3-8E55-5DE9CBCDDB62}"
EndProject
Project("{FAE04EC0-301F-11D3-BF4B-00C04F79EFBC}") = "StorjPhotoGalleryUploader.Droid", "StorjPhotoGalleryUploader.Droid\StorjPhotoGalleryUploader.Droid.csproj", "{9875FC0F-9944-4356-8ABF-4684858300A1}"
EndProject
Project("{FAE04EC0-301F-11D3-BF4B-00C04F79EFBC}") = "StorjPhotoGalleryUploader.iOS", "StorjPhotoGalleryUploader.iOS\StorjPhotoGalleryUploader.iOS.csproj", "{0FC65758-4BBA-419D-8A1A-D87C2B3F8286}"
EndProject
Project("{FAE04EC0-301F-11D3-BF4B-00C04F79EFBC}") = "StorjPhotoGalleryUploader.UWP", "StorjPhotoGalleryUploader.UWP\StorjPhotoGalleryUploader.UWP.csproj", "{7B989374-4B0F-441E-87E9-A0D3A9F32338}"
EndProject
Project("{FAE04EC0-301F-11D3-BF4B-00C04F79EFBC}") = "StorjPhotoGalleryUploader.macOS", "StorjPhotoGalleryUploader.macOS\StorjPhotoGalleryUploader.macOS.csproj", "{49285987-FAB0-417C-9330-2F6FB3082848}"
EndProject
Project("{9A19103F-16F7-4668-BE54-9A1E7A4F7556}") = "StorjPhotoGalleryUploader.Contracts", "StorjPhotoGalleryUploader.Contracts\StorjPhotoGalleryUploader.Contracts.csproj", "{97107B09-F7EC-42AE-97E8-676D3D31F9CD}"
EndProject
Project("{FAE04EC0-301F-11D3-BF4B-00C04F79EFBC}") = "StorjPhotoGalleryUploader.Services", "StorjPhotoGalleryUploader.Services\StorjPhotoGalleryUploader.Services.csproj", "{4DF8799A-2EBE-481E-8181-74878B2658E5}"
EndProject
Global
	GlobalSection(SharedMSBuildProjectFiles) = preSolution
		StorjPhotoGalleryUploader.Shared\StorjPhotoGalleryUploader.Shared.projitems*{0fc65758-4bba-419d-8a1a-d87c2b3f8286}*SharedItemsImports = 4
		StorjPhotoGalleryUploader.Shared\StorjPhotoGalleryUploader.Shared.projitems*{49285987-fab0-417c-9330-2f6fb3082848}*SharedItemsImports = 4
		StorjPhotoGalleryUploader.Shared\StorjPhotoGalleryUploader.Shared.projitems*{6279c845-92f8-4333-ab99-3d213163593c}*SharedItemsImports = 13
		StorjPhotoGalleryUploader.Shared\StorjPhotoGalleryUploader.Shared.projitems*{7b989374-4b0f-441e-87e9-a0d3a9f32338}*SharedItemsImports = 4
		StorjPhotoGalleryUploader.Shared\StorjPhotoGalleryUploader.Shared.projitems*{9875fc0f-9944-4356-8abf-4684858300a1}*SharedItemsImports = 4
	EndGlobalSection
	GlobalSection(SolutionConfigurationPlatforms) = preSolution
		Ad-Hoc|Any CPU = Ad-Hoc|Any CPU
		Ad-Hoc|ARM = Ad-Hoc|ARM
		Ad-Hoc|ARM64 = Ad-Hoc|ARM64
		Ad-Hoc|iPhone = Ad-Hoc|iPhone
		Ad-Hoc|iPhoneSimulator = Ad-Hoc|iPhoneSimulator
		Ad-Hoc|x64 = Ad-Hoc|x64
		Ad-Hoc|x86 = Ad-Hoc|x86
		AppStore|Any CPU = AppStore|Any CPU
		AppStore|ARM = AppStore|ARM
		AppStore|ARM64 = AppStore|ARM64
		AppStore|iPhone = AppStore|iPhone
		AppStore|iPhoneSimulator = AppStore|iPhoneSimulator
		AppStore|x64 = AppStore|x64
		AppStore|x86 = AppStore|x86
		Debug|Any CPU = Debug|Any CPU
		Debug|ARM = Debug|ARM
		Debug|ARM64 = Debug|ARM64
		Debug|iPhone = Debug|iPhone
		Debug|iPhoneSimulator = Debug|iPhoneSimulator
		Debug|x64 = Debug|x64
		Debug|x86 = Debug|x86
		Release|Any CPU = Release|Any CPU
		Release|ARM = Release|ARM
		Release|ARM64 = Release|ARM64
		Release|iPhone = Release|iPhone
		Release|iPhoneSimulator = Release|iPhoneSimulator
		Release|x64 = Release|x64
		Release|x86 = Release|x86
	EndGlobalSection
	GlobalSection(ProjectConfigurationPlatforms) = postSolution
		{9875FC0F-9944-4356-8ABF-4684858300A1}.Ad-Hoc|Any CPU.ActiveCfg = Debug|Any CPU
		{9875FC0F-9944-4356-8ABF-4684858300A1}.Ad-Hoc|Any CPU.Build.0 = Debug|Any CPU
		{9875FC0F-9944-4356-8ABF-4684858300A1}.Ad-Hoc|Any CPU.Deploy.0 = Debug|Any CPU
		{9875FC0F-9944-4356-8ABF-4684858300A1}.Ad-Hoc|ARM.ActiveCfg = Debug|Any CPU
		{9875FC0F-9944-4356-8ABF-4684858300A1}.Ad-Hoc|ARM.Build.0 = Debug|Any CPU
		{9875FC0F-9944-4356-8ABF-4684858300A1}.Ad-Hoc|ARM.Deploy.0 = Debug|Any CPU
		{9875FC0F-9944-4356-8ABF-4684858300A1}.Ad-Hoc|ARM64.ActiveCfg = Debug|Any CPU
		{9875FC0F-9944-4356-8ABF-4684858300A1}.Ad-Hoc|ARM64.Build.0 = Debug|Any CPU
		{9875FC0F-9944-4356-8ABF-4684858300A1}.Ad-Hoc|ARM64.Deploy.0 = Debug|Any CPU
		{9875FC0F-9944-4356-8ABF-4684858300A1}.Ad-Hoc|iPhone.ActiveCfg = Debug|Any CPU
		{9875FC0F-9944-4356-8ABF-4684858300A1}.Ad-Hoc|iPhone.Build.0 = Debug|Any CPU
		{9875FC0F-9944-4356-8ABF-4684858300A1}.Ad-Hoc|iPhone.Deploy.0 = Debug|Any CPU
		{9875FC0F-9944-4356-8ABF-4684858300A1}.Ad-Hoc|iPhoneSimulator.ActiveCfg = Debug|Any CPU
		{9875FC0F-9944-4356-8ABF-4684858300A1}.Ad-Hoc|iPhoneSimulator.Build.0 = Debug|Any CPU
		{9875FC0F-9944-4356-8ABF-4684858300A1}.Ad-Hoc|iPhoneSimulator.Deploy.0 = Debug|Any CPU
		{9875FC0F-9944-4356-8ABF-4684858300A1}.Ad-Hoc|x64.ActiveCfg = Debug|Any CPU
		{9875FC0F-9944-4356-8ABF-4684858300A1}.Ad-Hoc|x64.Build.0 = Debug|Any CPU
		{9875FC0F-9944-4356-8ABF-4684858300A1}.Ad-Hoc|x64.Deploy.0 = Debug|Any CPU
		{9875FC0F-9944-4356-8ABF-4684858300A1}.Ad-Hoc|x86.ActiveCfg = Debug|Any CPU
		{9875FC0F-9944-4356-8ABF-4684858300A1}.Ad-Hoc|x86.Build.0 = Debug|Any CPU
		{9875FC0F-9944-4356-8ABF-4684858300A1}.Ad-Hoc|x86.Deploy.0 = Debug|Any CPU
		{9875FC0F-9944-4356-8ABF-4684858300A1}.AppStore|Any CPU.ActiveCfg = Debug|Any CPU
		{9875FC0F-9944-4356-8ABF-4684858300A1}.AppStore|Any CPU.Build.0 = Debug|Any CPU
		{9875FC0F-9944-4356-8ABF-4684858300A1}.AppStore|Any CPU.Deploy.0 = Debug|Any CPU
		{9875FC0F-9944-4356-8ABF-4684858300A1}.AppStore|ARM.ActiveCfg = Debug|Any CPU
		{9875FC0F-9944-4356-8ABF-4684858300A1}.AppStore|ARM.Build.0 = Debug|Any CPU
		{9875FC0F-9944-4356-8ABF-4684858300A1}.AppStore|ARM.Deploy.0 = Debug|Any CPU
		{9875FC0F-9944-4356-8ABF-4684858300A1}.AppStore|ARM64.ActiveCfg = Debug|Any CPU
		{9875FC0F-9944-4356-8ABF-4684858300A1}.AppStore|ARM64.Build.0 = Debug|Any CPU
		{9875FC0F-9944-4356-8ABF-4684858300A1}.AppStore|ARM64.Deploy.0 = Debug|Any CPU
		{9875FC0F-9944-4356-8ABF-4684858300A1}.AppStore|iPhone.ActiveCfg = Debug|Any CPU
		{9875FC0F-9944-4356-8ABF-4684858300A1}.AppStore|iPhone.Build.0 = Debug|Any CPU
		{9875FC0F-9944-4356-8ABF-4684858300A1}.AppStore|iPhone.Deploy.0 = Debug|Any CPU
		{9875FC0F-9944-4356-8ABF-4684858300A1}.AppStore|iPhoneSimulator.ActiveCfg = Debug|Any CPU
		{9875FC0F-9944-4356-8ABF-4684858300A1}.AppStore|iPhoneSimulator.Build.0 = Debug|Any CPU
		{9875FC0F-9944-4356-8ABF-4684858300A1}.AppStore|iPhoneSimulator.Deploy.0 = Debug|Any CPU
		{9875FC0F-9944-4356-8ABF-4684858300A1}.AppStore|x64.ActiveCfg = Debug|Any CPU
		{9875FC0F-9944-4356-8ABF-4684858300A1}.AppStore|x64.Build.0 = Debug|Any CPU
		{9875FC0F-9944-4356-8ABF-4684858300A1}.AppStore|x64.Deploy.0 = Debug|Any CPU
		{9875FC0F-9944-4356-8ABF-4684858300A1}.AppStore|x86.ActiveCfg = Debug|Any CPU
		{9875FC0F-9944-4356-8ABF-4684858300A1}.AppStore|x86.Build.0 = Debug|Any CPU
		{9875FC0F-9944-4356-8ABF-4684858300A1}.AppStore|x86.Deploy.0 = Debug|Any CPU
		{9875FC0F-9944-4356-8ABF-4684858300A1}.Debug|Any CPU.ActiveCfg = Debug|Any CPU
		{9875FC0F-9944-4356-8ABF-4684858300A1}.Debug|Any CPU.Build.0 = Debug|Any CPU
		{9875FC0F-9944-4356-8ABF-4684858300A1}.Debug|Any CPU.Deploy.0 = Debug|Any CPU
		{9875FC0F-9944-4356-8ABF-4684858300A1}.Debug|ARM.ActiveCfg = Debug|Any CPU
		{9875FC0F-9944-4356-8ABF-4684858300A1}.Debug|ARM.Build.0 = Debug|Any CPU
		{9875FC0F-9944-4356-8ABF-4684858300A1}.Debug|ARM.Deploy.0 = Debug|Any CPU
		{9875FC0F-9944-4356-8ABF-4684858300A1}.Debug|ARM64.ActiveCfg = Debug|Any CPU
		{9875FC0F-9944-4356-8ABF-4684858300A1}.Debug|ARM64.Build.0 = Debug|Any CPU
		{9875FC0F-9944-4356-8ABF-4684858300A1}.Debug|ARM64.Deploy.0 = Debug|Any CPU
		{9875FC0F-9944-4356-8ABF-4684858300A1}.Debug|iPhone.ActiveCfg = Debug|Any CPU
		{9875FC0F-9944-4356-8ABF-4684858300A1}.Debug|iPhone.Build.0 = Debug|Any CPU
		{9875FC0F-9944-4356-8ABF-4684858300A1}.Debug|iPhone.Deploy.0 = Debug|Any CPU
		{9875FC0F-9944-4356-8ABF-4684858300A1}.Debug|iPhoneSimulator.ActiveCfg = Debug|Any CPU
		{9875FC0F-9944-4356-8ABF-4684858300A1}.Debug|iPhoneSimulator.Build.0 = Debug|Any CPU
		{9875FC0F-9944-4356-8ABF-4684858300A1}.Debug|iPhoneSimulator.Deploy.0 = Debug|Any CPU
		{9875FC0F-9944-4356-8ABF-4684858300A1}.Debug|x64.ActiveCfg = Debug|Any CPU
		{9875FC0F-9944-4356-8ABF-4684858300A1}.Debug|x64.Build.0 = Debug|Any CPU
		{9875FC0F-9944-4356-8ABF-4684858300A1}.Debug|x64.Deploy.0 = Debug|Any CPU
		{9875FC0F-9944-4356-8ABF-4684858300A1}.Debug|x86.ActiveCfg = Debug|Any CPU
		{9875FC0F-9944-4356-8ABF-4684858300A1}.Debug|x86.Build.0 = Debug|Any CPU
		{9875FC0F-9944-4356-8ABF-4684858300A1}.Debug|x86.Deploy.0 = Debug|Any CPU
		{9875FC0F-9944-4356-8ABF-4684858300A1}.Release|Any CPU.ActiveCfg = Release|Any CPU
		{9875FC0F-9944-4356-8ABF-4684858300A1}.Release|Any CPU.Build.0 = Release|Any CPU
		{9875FC0F-9944-4356-8ABF-4684858300A1}.Release|Any CPU.Deploy.0 = Release|Any CPU
		{9875FC0F-9944-4356-8ABF-4684858300A1}.Release|ARM.ActiveCfg = Release|Any CPU
		{9875FC0F-9944-4356-8ABF-4684858300A1}.Release|ARM.Build.0 = Release|Any CPU
		{9875FC0F-9944-4356-8ABF-4684858300A1}.Release|ARM.Deploy.0 = Release|Any CPU
		{9875FC0F-9944-4356-8ABF-4684858300A1}.Release|ARM64.ActiveCfg = Release|Any CPU
		{9875FC0F-9944-4356-8ABF-4684858300A1}.Release|ARM64.Build.0 = Release|Any CPU
		{9875FC0F-9944-4356-8ABF-4684858300A1}.Release|ARM64.Deploy.0 = Release|Any CPU
		{9875FC0F-9944-4356-8ABF-4684858300A1}.Release|iPhone.ActiveCfg = Release|Any CPU
		{9875FC0F-9944-4356-8ABF-4684858300A1}.Release|iPhone.Build.0 = Release|Any CPU
		{9875FC0F-9944-4356-8ABF-4684858300A1}.Release|iPhone.Deploy.0 = Release|Any CPU
		{9875FC0F-9944-4356-8ABF-4684858300A1}.Release|iPhoneSimulator.ActiveCfg = Release|Any CPU
		{9875FC0F-9944-4356-8ABF-4684858300A1}.Release|iPhoneSimulator.Build.0 = Release|Any CPU
		{9875FC0F-9944-4356-8ABF-4684858300A1}.Release|iPhoneSimulator.Deploy.0 = Release|Any CPU
		{9875FC0F-9944-4356-8ABF-4684858300A1}.Release|x64.ActiveCfg = Release|Any CPU
		{9875FC0F-9944-4356-8ABF-4684858300A1}.Release|x64.Build.0 = Release|Any CPU
		{9875FC0F-9944-4356-8ABF-4684858300A1}.Release|x64.Deploy.0 = Release|Any CPU
		{9875FC0F-9944-4356-8ABF-4684858300A1}.Release|x86.ActiveCfg = Release|Any CPU
		{9875FC0F-9944-4356-8ABF-4684858300A1}.Release|x86.Build.0 = Release|Any CPU
		{9875FC0F-9944-4356-8ABF-4684858300A1}.Release|x86.Deploy.0 = Release|Any CPU
		{0FC65758-4BBA-419D-8A1A-D87C2B3F8286}.Ad-Hoc|Any CPU.ActiveCfg = Ad-Hoc|iPhoneSimulator
		{0FC65758-4BBA-419D-8A1A-D87C2B3F8286}.Ad-Hoc|ARM.ActiveCfg = Ad-Hoc|iPhoneSimulator
		{0FC65758-4BBA-419D-8A1A-D87C2B3F8286}.Ad-Hoc|ARM64.ActiveCfg = Ad-Hoc|iPhoneSimulator
		{0FC65758-4BBA-419D-8A1A-D87C2B3F8286}.Ad-Hoc|iPhone.ActiveCfg = Ad-Hoc|iPhone
		{0FC65758-4BBA-419D-8A1A-D87C2B3F8286}.Ad-Hoc|iPhone.Build.0 = Ad-Hoc|iPhone
		{0FC65758-4BBA-419D-8A1A-D87C2B3F8286}.Ad-Hoc|iPhoneSimulator.ActiveCfg = Ad-Hoc|iPhoneSimulator
		{0FC65758-4BBA-419D-8A1A-D87C2B3F8286}.Ad-Hoc|iPhoneSimulator.Build.0 = Ad-Hoc|iPhoneSimulator
		{0FC65758-4BBA-419D-8A1A-D87C2B3F8286}.Ad-Hoc|x64.ActiveCfg = Ad-Hoc|iPhoneSimulator
		{0FC65758-4BBA-419D-8A1A-D87C2B3F8286}.Ad-Hoc|x86.ActiveCfg = Ad-Hoc|iPhoneSimulator
		{0FC65758-4BBA-419D-8A1A-D87C2B3F8286}.AppStore|Any CPU.ActiveCfg = AppStore|iPhoneSimulator
		{0FC65758-4BBA-419D-8A1A-D87C2B3F8286}.AppStore|ARM.ActiveCfg = AppStore|iPhoneSimulator
		{0FC65758-4BBA-419D-8A1A-D87C2B3F8286}.AppStore|ARM64.ActiveCfg = AppStore|iPhoneSimulator
		{0FC65758-4BBA-419D-8A1A-D87C2B3F8286}.AppStore|iPhone.ActiveCfg = AppStore|iPhone
		{0FC65758-4BBA-419D-8A1A-D87C2B3F8286}.AppStore|iPhone.Build.0 = AppStore|iPhone
		{0FC65758-4BBA-419D-8A1A-D87C2B3F8286}.AppStore|iPhoneSimulator.ActiveCfg = AppStore|iPhoneSimulator
		{0FC65758-4BBA-419D-8A1A-D87C2B3F8286}.AppStore|iPhoneSimulator.Build.0 = AppStore|iPhoneSimulator
		{0FC65758-4BBA-419D-8A1A-D87C2B3F8286}.AppStore|x64.ActiveCfg = AppStore|iPhoneSimulator
		{0FC65758-4BBA-419D-8A1A-D87C2B3F8286}.AppStore|x86.ActiveCfg = AppStore|iPhoneSimulator
		{0FC65758-4BBA-419D-8A1A-D87C2B3F8286}.Debug|Any CPU.ActiveCfg = Debug|iPhoneSimulator
		{0FC65758-4BBA-419D-8A1A-D87C2B3F8286}.Debug|ARM.ActiveCfg = Debug|iPhoneSimulator
		{0FC65758-4BBA-419D-8A1A-D87C2B3F8286}.Debug|ARM64.ActiveCfg = Debug|iPhoneSimulator
		{0FC65758-4BBA-419D-8A1A-D87C2B3F8286}.Debug|iPhone.ActiveCfg = Debug|iPhone
		{0FC65758-4BBA-419D-8A1A-D87C2B3F8286}.Debug|iPhone.Build.0 = Debug|iPhone
		{0FC65758-4BBA-419D-8A1A-D87C2B3F8286}.Debug|iPhoneSimulator.ActiveCfg = Debug|iPhoneSimulator
		{0FC65758-4BBA-419D-8A1A-D87C2B3F8286}.Debug|iPhoneSimulator.Build.0 = Debug|iPhoneSimulator
		{0FC65758-4BBA-419D-8A1A-D87C2B3F8286}.Debug|x64.ActiveCfg = Debug|iPhoneSimulator
		{0FC65758-4BBA-419D-8A1A-D87C2B3F8286}.Debug|x86.ActiveCfg = Debug|iPhoneSimulator
		{0FC65758-4BBA-419D-8A1A-D87C2B3F8286}.Release|Any CPU.ActiveCfg = Release|iPhoneSimulator
		{0FC65758-4BBA-419D-8A1A-D87C2B3F8286}.Release|ARM.ActiveCfg = Release|iPhoneSimulator
		{0FC65758-4BBA-419D-8A1A-D87C2B3F8286}.Release|ARM64.ActiveCfg = Release|iPhoneSimulator
		{0FC65758-4BBA-419D-8A1A-D87C2B3F8286}.Release|iPhone.ActiveCfg = Release|iPhone
		{0FC65758-4BBA-419D-8A1A-D87C2B3F8286}.Release|iPhone.Build.0 = Release|iPhone
		{0FC65758-4BBA-419D-8A1A-D87C2B3F8286}.Release|iPhoneSimulator.ActiveCfg = Release|iPhoneSimulator
		{0FC65758-4BBA-419D-8A1A-D87C2B3F8286}.Release|iPhoneSimulator.Build.0 = Release|iPhoneSimulator
		{0FC65758-4BBA-419D-8A1A-D87C2B3F8286}.Release|x64.ActiveCfg = Release|iPhoneSimulator
		{0FC65758-4BBA-419D-8A1A-D87C2B3F8286}.Release|x86.ActiveCfg = Release|iPhoneSimulator
		{7B989374-4B0F-441E-87E9-A0D3A9F32338}.Ad-Hoc|Any CPU.ActiveCfg = Debug|x86
		{7B989374-4B0F-441E-87E9-A0D3A9F32338}.Ad-Hoc|Any CPU.Build.0 = Debug|x86
		{7B989374-4B0F-441E-87E9-A0D3A9F32338}.Ad-Hoc|Any CPU.Deploy.0 = Debug|x86
		{7B989374-4B0F-441E-87E9-A0D3A9F32338}.Ad-Hoc|ARM.ActiveCfg = Debug|ARM
		{7B989374-4B0F-441E-87E9-A0D3A9F32338}.Ad-Hoc|ARM.Build.0 = Debug|ARM
		{7B989374-4B0F-441E-87E9-A0D3A9F32338}.Ad-Hoc|ARM.Deploy.0 = Debug|ARM
		{7B989374-4B0F-441E-87E9-A0D3A9F32338}.Ad-Hoc|ARM64.ActiveCfg = Debug|ARM64
		{7B989374-4B0F-441E-87E9-A0D3A9F32338}.Ad-Hoc|ARM64.Build.0 = Debug|ARM64
		{7B989374-4B0F-441E-87E9-A0D3A9F32338}.Ad-Hoc|ARM64.Deploy.0 = Debug|ARM64
		{7B989374-4B0F-441E-87E9-A0D3A9F32338}.Ad-Hoc|iPhone.ActiveCfg = Debug|x86
		{7B989374-4B0F-441E-87E9-A0D3A9F32338}.Ad-Hoc|iPhone.Build.0 = Debug|x86
		{7B989374-4B0F-441E-87E9-A0D3A9F32338}.Ad-Hoc|iPhone.Deploy.0 = Debug|x86
		{7B989374-4B0F-441E-87E9-A0D3A9F32338}.Ad-Hoc|iPhoneSimulator.ActiveCfg = Debug|x86
		{7B989374-4B0F-441E-87E9-A0D3A9F32338}.Ad-Hoc|iPhoneSimulator.Build.0 = Debug|x86
		{7B989374-4B0F-441E-87E9-A0D3A9F32338}.Ad-Hoc|iPhoneSimulator.Deploy.0 = Debug|x86
		{7B989374-4B0F-441E-87E9-A0D3A9F32338}.Ad-Hoc|x64.ActiveCfg = Debug|x64
		{7B989374-4B0F-441E-87E9-A0D3A9F32338}.Ad-Hoc|x64.Build.0 = Debug|x64
		{7B989374-4B0F-441E-87E9-A0D3A9F32338}.Ad-Hoc|x64.Deploy.0 = Debug|x64
		{7B989374-4B0F-441E-87E9-A0D3A9F32338}.Ad-Hoc|x86.ActiveCfg = Debug|x86
		{7B989374-4B0F-441E-87E9-A0D3A9F32338}.Ad-Hoc|x86.Build.0 = Debug|x86
		{7B989374-4B0F-441E-87E9-A0D3A9F32338}.Ad-Hoc|x86.Deploy.0 = Debug|x86
		{7B989374-4B0F-441E-87E9-A0D3A9F32338}.AppStore|Any CPU.ActiveCfg = Debug|x86
		{7B989374-4B0F-441E-87E9-A0D3A9F32338}.AppStore|Any CPU.Build.0 = Debug|x86
		{7B989374-4B0F-441E-87E9-A0D3A9F32338}.AppStore|Any CPU.Deploy.0 = Debug|x86
		{7B989374-4B0F-441E-87E9-A0D3A9F32338}.AppStore|ARM.ActiveCfg = Debug|ARM
		{7B989374-4B0F-441E-87E9-A0D3A9F32338}.AppStore|ARM.Build.0 = Debug|ARM
		{7B989374-4B0F-441E-87E9-A0D3A9F32338}.AppStore|ARM.Deploy.0 = Debug|ARM
		{7B989374-4B0F-441E-87E9-A0D3A9F32338}.AppStore|ARM64.ActiveCfg = Debug|ARM64
		{7B989374-4B0F-441E-87E9-A0D3A9F32338}.AppStore|ARM64.Build.0 = Debug|ARM64
		{7B989374-4B0F-441E-87E9-A0D3A9F32338}.AppStore|ARM64.Deploy.0 = Debug|ARM64
		{7B989374-4B0F-441E-87E9-A0D3A9F32338}.AppStore|iPhone.ActiveCfg = Debug|x86
		{7B989374-4B0F-441E-87E9-A0D3A9F32338}.AppStore|iPhone.Build.0 = Debug|x86
		{7B989374-4B0F-441E-87E9-A0D3A9F32338}.AppStore|iPhone.Deploy.0 = Debug|x86
		{7B989374-4B0F-441E-87E9-A0D3A9F32338}.AppStore|iPhoneSimulator.ActiveCfg = Debug|x86
		{7B989374-4B0F-441E-87E9-A0D3A9F32338}.AppStore|iPhoneSimulator.Build.0 = Debug|x86
		{7B989374-4B0F-441E-87E9-A0D3A9F32338}.AppStore|iPhoneSimulator.Deploy.0 = Debug|x86
		{7B989374-4B0F-441E-87E9-A0D3A9F32338}.AppStore|x64.ActiveCfg = Debug|x64
		{7B989374-4B0F-441E-87E9-A0D3A9F32338}.AppStore|x64.Build.0 = Debug|x64
		{7B989374-4B0F-441E-87E9-A0D3A9F32338}.AppStore|x64.Deploy.0 = Debug|x64
		{7B989374-4B0F-441E-87E9-A0D3A9F32338}.AppStore|x86.ActiveCfg = Debug|x86
		{7B989374-4B0F-441E-87E9-A0D3A9F32338}.AppStore|x86.Build.0 = Debug|x86
		{7B989374-4B0F-441E-87E9-A0D3A9F32338}.AppStore|x86.Deploy.0 = Debug|x86
		{7B989374-4B0F-441E-87E9-A0D3A9F32338}.Debug|Any CPU.ActiveCfg = Debug|x86
		{7B989374-4B0F-441E-87E9-A0D3A9F32338}.Debug|Any CPU.Build.0 = Debug|x86
		{7B989374-4B0F-441E-87E9-A0D3A9F32338}.Debug|Any CPU.Deploy.0 = Debug|x86
		{7B989374-4B0F-441E-87E9-A0D3A9F32338}.Debug|ARM.ActiveCfg = Debug|ARM
		{7B989374-4B0F-441E-87E9-A0D3A9F32338}.Debug|ARM.Build.0 = Debug|ARM
		{7B989374-4B0F-441E-87E9-A0D3A9F32338}.Debug|ARM.Deploy.0 = Debug|ARM
		{7B989374-4B0F-441E-87E9-A0D3A9F32338}.Debug|ARM64.ActiveCfg = Debug|ARM64
		{7B989374-4B0F-441E-87E9-A0D3A9F32338}.Debug|ARM64.Build.0 = Debug|ARM64
		{7B989374-4B0F-441E-87E9-A0D3A9F32338}.Debug|ARM64.Deploy.0 = Debug|ARM64
		{7B989374-4B0F-441E-87E9-A0D3A9F32338}.Debug|iPhone.ActiveCfg = Debug|x86
		{7B989374-4B0F-441E-87E9-A0D3A9F32338}.Debug|iPhoneSimulator.ActiveCfg = Debug|x86
		{7B989374-4B0F-441E-87E9-A0D3A9F32338}.Debug|x64.ActiveCfg = Debug|x64
		{7B989374-4B0F-441E-87E9-A0D3A9F32338}.Debug|x64.Build.0 = Debug|x64
		{7B989374-4B0F-441E-87E9-A0D3A9F32338}.Debug|x64.Deploy.0 = Debug|x64
		{7B989374-4B0F-441E-87E9-A0D3A9F32338}.Debug|x86.ActiveCfg = Debug|x86
		{7B989374-4B0F-441E-87E9-A0D3A9F32338}.Debug|x86.Build.0 = Debug|x86
		{7B989374-4B0F-441E-87E9-A0D3A9F32338}.Debug|x86.Deploy.0 = Debug|x86
		{7B989374-4B0F-441E-87E9-A0D3A9F32338}.Release|Any CPU.ActiveCfg = Release|x86
		{7B989374-4B0F-441E-87E9-A0D3A9F32338}.Release|ARM.ActiveCfg = Release|ARM
		{7B989374-4B0F-441E-87E9-A0D3A9F32338}.Release|ARM.Build.0 = Release|ARM
		{7B989374-4B0F-441E-87E9-A0D3A9F32338}.Release|ARM.Deploy.0 = Release|ARM
		{7B989374-4B0F-441E-87E9-A0D3A9F32338}.Release|ARM64.ActiveCfg = Release|ARM64
		{7B989374-4B0F-441E-87E9-A0D3A9F32338}.Release|ARM64.Build.0 = Release|ARM64
		{7B989374-4B0F-441E-87E9-A0D3A9F32338}.Release|ARM64.Deploy.0 = Release|ARM64
		{7B989374-4B0F-441E-87E9-A0D3A9F32338}.Release|iPhone.ActiveCfg = Release|x86
		{7B989374-4B0F-441E-87E9-A0D3A9F32338}.Release|iPhoneSimulator.ActiveCfg = Release|x86
		{7B989374-4B0F-441E-87E9-A0D3A9F32338}.Release|x64.ActiveCfg = Release|x64
		{7B989374-4B0F-441E-87E9-A0D3A9F32338}.Release|x64.Build.0 = Release|x64
		{7B989374-4B0F-441E-87E9-A0D3A9F32338}.Release|x64.Deploy.0 = Release|x64
		{7B989374-4B0F-441E-87E9-A0D3A9F32338}.Release|x86.ActiveCfg = Release|x86
		{7B989374-4B0F-441E-87E9-A0D3A9F32338}.Release|x86.Build.0 = Release|x86
		{7B989374-4B0F-441E-87E9-A0D3A9F32338}.Release|x86.Deploy.0 = Release|x86
		{49285987-FAB0-417C-9330-2F6FB3082848}.Ad-Hoc|Any CPU.ActiveCfg = Debug|iPhoneSimulator
		{49285987-FAB0-417C-9330-2F6FB3082848}.Ad-Hoc|Any CPU.Build.0 = Debug|iPhoneSimulator
		{49285987-FAB0-417C-9330-2F6FB3082848}.Ad-Hoc|ARM.ActiveCfg = Debug|iPhoneSimulator
		{49285987-FAB0-417C-9330-2F6FB3082848}.Ad-Hoc|ARM.Build.0 = Debug|iPhoneSimulator
		{49285987-FAB0-417C-9330-2F6FB3082848}.Ad-Hoc|ARM64.ActiveCfg = Debug|iPhoneSimulator
		{49285987-FAB0-417C-9330-2F6FB3082848}.Ad-Hoc|ARM64.Build.0 = Debug|iPhoneSimulator
		{49285987-FAB0-417C-9330-2F6FB3082848}.Ad-Hoc|iPhone.ActiveCfg = Debug|iPhoneSimulator
		{49285987-FAB0-417C-9330-2F6FB3082848}.Ad-Hoc|iPhone.Build.0 = Debug|iPhoneSimulator
		{49285987-FAB0-417C-9330-2F6FB3082848}.Ad-Hoc|iPhoneSimulator.ActiveCfg = Debug|iPhoneSimulator
		{49285987-FAB0-417C-9330-2F6FB3082848}.Ad-Hoc|iPhoneSimulator.Build.0 = Debug|iPhoneSimulator
		{49285987-FAB0-417C-9330-2F6FB3082848}.Ad-Hoc|x64.ActiveCfg = Debug|iPhoneSimulator
		{49285987-FAB0-417C-9330-2F6FB3082848}.Ad-Hoc|x64.Build.0 = Debug|iPhoneSimulator
		{49285987-FAB0-417C-9330-2F6FB3082848}.Ad-Hoc|x86.ActiveCfg = Debug|iPhoneSimulator
		{49285987-FAB0-417C-9330-2F6FB3082848}.Ad-Hoc|x86.Build.0 = Debug|iPhoneSimulator
		{49285987-FAB0-417C-9330-2F6FB3082848}.AppStore|Any CPU.ActiveCfg = Debug|iPhoneSimulator
		{49285987-FAB0-417C-9330-2F6FB3082848}.AppStore|Any CPU.Build.0 = Debug|iPhoneSimulator
		{49285987-FAB0-417C-9330-2F6FB3082848}.AppStore|ARM.ActiveCfg = Debug|iPhoneSimulator
		{49285987-FAB0-417C-9330-2F6FB3082848}.AppStore|ARM.Build.0 = Debug|iPhoneSimulator
		{49285987-FAB0-417C-9330-2F6FB3082848}.AppStore|ARM64.ActiveCfg = Debug|iPhoneSimulator
		{49285987-FAB0-417C-9330-2F6FB3082848}.AppStore|ARM64.Build.0 = Debug|iPhoneSimulator
		{49285987-FAB0-417C-9330-2F6FB3082848}.AppStore|iPhone.ActiveCfg = Debug|iPhoneSimulator
		{49285987-FAB0-417C-9330-2F6FB3082848}.AppStore|iPhone.Build.0 = Debug|iPhoneSimulator
		{49285987-FAB0-417C-9330-2F6FB3082848}.AppStore|iPhoneSimulator.ActiveCfg = Debug|iPhoneSimulator
		{49285987-FAB0-417C-9330-2F6FB3082848}.AppStore|iPhoneSimulator.Build.0 = Debug|iPhoneSimulator
		{49285987-FAB0-417C-9330-2F6FB3082848}.AppStore|x64.ActiveCfg = Debug|iPhoneSimulator
		{49285987-FAB0-417C-9330-2F6FB3082848}.AppStore|x64.Build.0 = Debug|iPhoneSimulator
		{49285987-FAB0-417C-9330-2F6FB3082848}.AppStore|x86.ActiveCfg = Debug|iPhoneSimulator
		{49285987-FAB0-417C-9330-2F6FB3082848}.AppStore|x86.Build.0 = Debug|iPhoneSimulator
		{49285987-FAB0-417C-9330-2F6FB3082848}.Debug|Any CPU.ActiveCfg = Debug|iPhoneSimulator
		{49285987-FAB0-417C-9330-2F6FB3082848}.Debug|ARM.ActiveCfg = Debug|iPhoneSimulator
		{49285987-FAB0-417C-9330-2F6FB3082848}.Debug|ARM64.ActiveCfg = Debug|iPhoneSimulator
		{49285987-FAB0-417C-9330-2F6FB3082848}.Debug|iPhone.ActiveCfg = Debug|iPhoneSimulator
		{49285987-FAB0-417C-9330-2F6FB3082848}.Debug|iPhoneSimulator.ActiveCfg = Debug|iPhoneSimulator
		{49285987-FAB0-417C-9330-2F6FB3082848}.Debug|iPhoneSimulator.Build.0 = Debug|iPhoneSimulator
		{49285987-FAB0-417C-9330-2F6FB3082848}.Debug|x64.ActiveCfg = Debug|iPhoneSimulator
		{49285987-FAB0-417C-9330-2F6FB3082848}.Debug|x86.ActiveCfg = Debug|iPhoneSimulator
		{49285987-FAB0-417C-9330-2F6FB3082848}.Release|Any CPU.ActiveCfg = Release|iPhoneSimulator
		{49285987-FAB0-417C-9330-2F6FB3082848}.Release|ARM.ActiveCfg = Release|iPhoneSimulator
		{49285987-FAB0-417C-9330-2F6FB3082848}.Release|ARM64.ActiveCfg = Release|iPhoneSimulator
		{49285987-FAB0-417C-9330-2F6FB3082848}.Release|iPhone.ActiveCfg = Release|iPhoneSimulator
		{49285987-FAB0-417C-9330-2F6FB3082848}.Release|iPhoneSimulator.ActiveCfg = Release|iPhoneSimulator
		{49285987-FAB0-417C-9330-2F6FB3082848}.Release|iPhoneSimulator.Build.0 = Release|iPhoneSimulator
		{49285987-FAB0-417C-9330-2F6FB3082848}.Release|x64.ActiveCfg = Release|iPhoneSimulator
		{49285987-FAB0-417C-9330-2F6FB3082848}.Release|x86.ActiveCfg = Release|iPhoneSimulator
		{97107B09-F7EC-42AE-97E8-676D3D31F9CD}.Ad-Hoc|Any CPU.ActiveCfg = Debug|Any CPU
		{97107B09-F7EC-42AE-97E8-676D3D31F9CD}.Ad-Hoc|Any CPU.Build.0 = Debug|Any CPU
		{97107B09-F7EC-42AE-97E8-676D3D31F9CD}.Ad-Hoc|ARM.ActiveCfg = Debug|Any CPU
		{97107B09-F7EC-42AE-97E8-676D3D31F9CD}.Ad-Hoc|ARM.Build.0 = Debug|Any CPU
		{97107B09-F7EC-42AE-97E8-676D3D31F9CD}.Ad-Hoc|ARM64.ActiveCfg = Debug|Any CPU
		{97107B09-F7EC-42AE-97E8-676D3D31F9CD}.Ad-Hoc|ARM64.Build.0 = Debug|Any CPU
		{97107B09-F7EC-42AE-97E8-676D3D31F9CD}.Ad-Hoc|iPhone.ActiveCfg = Debug|Any CPU
		{97107B09-F7EC-42AE-97E8-676D3D31F9CD}.Ad-Hoc|iPhone.Build.0 = Debug|Any CPU
		{97107B09-F7EC-42AE-97E8-676D3D31F9CD}.Ad-Hoc|iPhoneSimulator.ActiveCfg = Debug|Any CPU
		{97107B09-F7EC-42AE-97E8-676D3D31F9CD}.Ad-Hoc|iPhoneSimulator.Build.0 = Debug|Any CPU
		{97107B09-F7EC-42AE-97E8-676D3D31F9CD}.Ad-Hoc|x64.ActiveCfg = Debug|Any CPU
		{97107B09-F7EC-42AE-97E8-676D3D31F9CD}.Ad-Hoc|x64.Build.0 = Debug|Any CPU
		{97107B09-F7EC-42AE-97E8-676D3D31F9CD}.Ad-Hoc|x86.ActiveCfg = Debug|Any CPU
		{97107B09-F7EC-42AE-97E8-676D3D31F9CD}.Ad-Hoc|x86.Build.0 = Debug|Any CPU
		{97107B09-F7EC-42AE-97E8-676D3D31F9CD}.AppStore|Any CPU.ActiveCfg = Debug|Any CPU
		{97107B09-F7EC-42AE-97E8-676D3D31F9CD}.AppStore|Any CPU.Build.0 = Debug|Any CPU
		{97107B09-F7EC-42AE-97E8-676D3D31F9CD}.AppStore|ARM.ActiveCfg = Debug|Any CPU
		{97107B09-F7EC-42AE-97E8-676D3D31F9CD}.AppStore|ARM.Build.0 = Debug|Any CPU
		{97107B09-F7EC-42AE-97E8-676D3D31F9CD}.AppStore|ARM64.ActiveCfg = Debug|Any CPU
		{97107B09-F7EC-42AE-97E8-676D3D31F9CD}.AppStore|ARM64.Build.0 = Debug|Any CPU
		{97107B09-F7EC-42AE-97E8-676D3D31F9CD}.AppStore|iPhone.ActiveCfg = Debug|Any CPU
		{97107B09-F7EC-42AE-97E8-676D3D31F9CD}.AppStore|iPhone.Build.0 = Debug|Any CPU
		{97107B09-F7EC-42AE-97E8-676D3D31F9CD}.AppStore|iPhoneSimulator.ActiveCfg = Debug|Any CPU
		{97107B09-F7EC-42AE-97E8-676D3D31F9CD}.AppStore|iPhoneSimulator.Build.0 = Debug|Any CPU
		{97107B09-F7EC-42AE-97E8-676D3D31F9CD}.AppStore|x64.ActiveCfg = Debug|Any CPU
		{97107B09-F7EC-42AE-97E8-676D3D31F9CD}.AppStore|x64.Build.0 = Debug|Any CPU
		{97107B09-F7EC-42AE-97E8-676D3D31F9CD}.AppStore|x86.ActiveCfg = Debug|Any CPU
		{97107B09-F7EC-42AE-97E8-676D3D31F9CD}.AppStore|x86.Build.0 = Debug|Any CPU
		{97107B09-F7EC-42AE-97E8-676D3D31F9CD}.Debug|Any CPU.ActiveCfg = Debug|Any CPU
		{97107B09-F7EC-42AE-97E8-676D3D31F9CD}.Debug|Any CPU.Build.0 = Debug|Any CPU
		{97107B09-F7EC-42AE-97E8-676D3D31F9CD}.Debug|ARM.ActiveCfg = Debug|Any CPU
		{97107B09-F7EC-42AE-97E8-676D3D31F9CD}.Debug|ARM.Build.0 = Debug|Any CPU
		{97107B09-F7EC-42AE-97E8-676D3D31F9CD}.Debug|ARM64.ActiveCfg = Debug|Any CPU
		{97107B09-F7EC-42AE-97E8-676D3D31F9CD}.Debug|ARM64.Build.0 = Debug|Any CPU
		{97107B09-F7EC-42AE-97E8-676D3D31F9CD}.Debug|iPhone.ActiveCfg = Debug|Any CPU
		{97107B09-F7EC-42AE-97E8-676D3D31F9CD}.Debug|iPhone.Build.0 = Debug|Any CPU
		{97107B09-F7EC-42AE-97E8-676D3D31F9CD}.Debug|iPhoneSimulator.ActiveCfg = Debug|Any CPU
		{97107B09-F7EC-42AE-97E8-676D3D31F9CD}.Debug|iPhoneSimulator.Build.0 = Debug|Any CPU
		{97107B09-F7EC-42AE-97E8-676D3D31F9CD}.Debug|x64.ActiveCfg = Debug|Any CPU
		{97107B09-F7EC-42AE-97E8-676D3D31F9CD}.Debug|x64.Build.0 = Debug|Any CPU
		{97107B09-F7EC-42AE-97E8-676D3D31F9CD}.Debug|x86.ActiveCfg = Debug|Any CPU
		{97107B09-F7EC-42AE-97E8-676D3D31F9CD}.Debug|x86.Build.0 = Debug|Any CPU
		{97107B09-F7EC-42AE-97E8-676D3D31F9CD}.Release|Any CPU.ActiveCfg = Release|Any CPU
		{97107B09-F7EC-42AE-97E8-676D3D31F9CD}.Release|Any CPU.Build.0 = Release|Any CPU
		{97107B09-F7EC-42AE-97E8-676D3D31F9CD}.Release|ARM.ActiveCfg = Release|Any CPU
		{97107B09-F7EC-42AE-97E8-676D3D31F9CD}.Release|ARM.Build.0 = Release|Any CPU
		{97107B09-F7EC-42AE-97E8-676D3D31F9CD}.Release|ARM64.ActiveCfg = Release|Any CPU
		{97107B09-F7EC-42AE-97E8-676D3D31F9CD}.Release|ARM64.Build.0 = Release|Any CPU
		{97107B09-F7EC-42AE-97E8-676D3D31F9CD}.Release|iPhone.ActiveCfg = Release|Any CPU
		{97107B09-F7EC-42AE-97E8-676D3D31F9CD}.Release|iPhone.Build.0 = Release|Any CPU
		{97107B09-F7EC-42AE-97E8-676D3D31F9CD}.Release|iPhoneSimulator.ActiveCfg = Release|Any CPU
		{97107B09-F7EC-42AE-97E8-676D3D31F9CD}.Release|iPhoneSimulator.Build.0 = Release|Any CPU
		{97107B09-F7EC-42AE-97E8-676D3D31F9CD}.Release|x64.ActiveCfg = Release|Any CPU
		{97107B09-F7EC-42AE-97E8-676D3D31F9CD}.Release|x64.Build.0 = Release|Any CPU
		{97107B09-F7EC-42AE-97E8-676D3D31F9CD}.Release|x86.ActiveCfg = Release|Any CPU
		{97107B09-F7EC-42AE-97E8-676D3D31F9CD}.Release|x86.Build.0 = Release|Any CPU
		{4DF8799A-2EBE-481E-8181-74878B2658E5}.Ad-Hoc|Any CPU.ActiveCfg = Debug|Any CPU
		{4DF8799A-2EBE-481E-8181-74878B2658E5}.Ad-Hoc|Any CPU.Build.0 = Debug|Any CPU
		{4DF8799A-2EBE-481E-8181-74878B2658E5}.Ad-Hoc|ARM.ActiveCfg = Debug|Any CPU
		{4DF8799A-2EBE-481E-8181-74878B2658E5}.Ad-Hoc|ARM.Build.0 = Debug|Any CPU
		{4DF8799A-2EBE-481E-8181-74878B2658E5}.Ad-Hoc|ARM64.ActiveCfg = Debug|Any CPU
		{4DF8799A-2EBE-481E-8181-74878B2658E5}.Ad-Hoc|ARM64.Build.0 = Debug|Any CPU
		{4DF8799A-2EBE-481E-8181-74878B2658E5}.Ad-Hoc|iPhone.ActiveCfg = Debug|Any CPU
		{4DF8799A-2EBE-481E-8181-74878B2658E5}.Ad-Hoc|iPhone.Build.0 = Debug|Any CPU
		{4DF8799A-2EBE-481E-8181-74878B2658E5}.Ad-Hoc|iPhoneSimulator.ActiveCfg = Debug|Any CPU
		{4DF8799A-2EBE-481E-8181-74878B2658E5}.Ad-Hoc|iPhoneSimulator.Build.0 = Debug|Any CPU
		{4DF8799A-2EBE-481E-8181-74878B2658E5}.Ad-Hoc|x64.ActiveCfg = Debug|Any CPU
		{4DF8799A-2EBE-481E-8181-74878B2658E5}.Ad-Hoc|x64.Build.0 = Debug|Any CPU
		{4DF8799A-2EBE-481E-8181-74878B2658E5}.Ad-Hoc|x86.ActiveCfg = Debug|Any CPU
		{4DF8799A-2EBE-481E-8181-74878B2658E5}.Ad-Hoc|x86.Build.0 = Debug|Any CPU
		{4DF8799A-2EBE-481E-8181-74878B2658E5}.AppStore|Any CPU.ActiveCfg = Debug|Any CPU
		{4DF8799A-2EBE-481E-8181-74878B2658E5}.AppStore|Any CPU.Build.0 = Debug|Any CPU
		{4DF8799A-2EBE-481E-8181-74878B2658E5}.AppStore|ARM.ActiveCfg = Debug|Any CPU
		{4DF8799A-2EBE-481E-8181-74878B2658E5}.AppStore|ARM.Build.0 = Debug|Any CPU
		{4DF8799A-2EBE-481E-8181-74878B2658E5}.AppStore|ARM64.ActiveCfg = Debug|Any CPU
		{4DF8799A-2EBE-481E-8181-74878B2658E5}.AppStore|ARM64.Build.0 = Debug|Any CPU
		{4DF8799A-2EBE-481E-8181-74878B2658E5}.AppStore|iPhone.ActiveCfg = Debug|Any CPU
		{4DF8799A-2EBE-481E-8181-74878B2658E5}.AppStore|iPhone.Build.0 = Debug|Any CPU
		{4DF8799A-2EBE-481E-8181-74878B2658E5}.AppStore|iPhoneSimulator.ActiveCfg = Debug|Any CPU
		{4DF8799A-2EBE-481E-8181-74878B2658E5}.AppStore|iPhoneSimulator.Build.0 = Debug|Any CPU
		{4DF8799A-2EBE-481E-8181-74878B2658E5}.AppStore|x64.ActiveCfg = Debug|Any CPU
		{4DF8799A-2EBE-481E-8181-74878B2658E5}.AppStore|x64.Build.0 = Debug|Any CPU
		{4DF8799A-2EBE-481E-8181-74878B2658E5}.AppStore|x86.ActiveCfg = Debug|Any CPU
		{4DF8799A-2EBE-481E-8181-74878B2658E5}.AppStore|x86.Build.0 = Debug|Any CPU
		{4DF8799A-2EBE-481E-8181-74878B2658E5}.Debug|Any CPU.ActiveCfg = Debug|Any CPU
		{4DF8799A-2EBE-481E-8181-74878B2658E5}.Debug|Any CPU.Build.0 = Debug|Any CPU
		{4DF8799A-2EBE-481E-8181-74878B2658E5}.Debug|ARM.ActiveCfg = Debug|Any CPU
		{4DF8799A-2EBE-481E-8181-74878B2658E5}.Debug|ARM.Build.0 = Debug|Any CPU
		{4DF8799A-2EBE-481E-8181-74878B2658E5}.Debug|ARM64.ActiveCfg = Debug|Any CPU
		{4DF8799A-2EBE-481E-8181-74878B2658E5}.Debug|ARM64.Build.0 = Debug|Any CPU
		{4DF8799A-2EBE-481E-8181-74878B2658E5}.Debug|iPhone.ActiveCfg = Debug|Any CPU
		{4DF8799A-2EBE-481E-8181-74878B2658E5}.Debug|iPhone.Build.0 = Debug|Any CPU
		{4DF8799A-2EBE-481E-8181-74878B2658E5}.Debug|iPhoneSimulator.ActiveCfg = Debug|Any CPU
		{4DF8799A-2EBE-481E-8181-74878B2658E5}.Debug|iPhoneSimulator.Build.0 = Debug|Any CPU
		{4DF8799A-2EBE-481E-8181-74878B2658E5}.Debug|x64.ActiveCfg = Debug|Any CPU
		{4DF8799A-2EBE-481E-8181-74878B2658E5}.Debug|x64.Build.0 = Debug|Any CPU
		{4DF8799A-2EBE-481E-8181-74878B2658E5}.Debug|x86.ActiveCfg = Debug|Any CPU
		{4DF8799A-2EBE-481E-8181-74878B2658E5}.Debug|x86.Build.0 = Debug|Any CPU
		{4DF8799A-2EBE-481E-8181-74878B2658E5}.Release|Any CPU.ActiveCfg = Release|Any CPU
		{4DF8799A-2EBE-481E-8181-74878B2658E5}.Release|Any CPU.Build.0 = Release|Any CPU
		{4DF8799A-2EBE-481E-8181-74878B2658E5}.Release|ARM.ActiveCfg = Release|Any CPU
		{4DF8799A-2EBE-481E-8181-74878B2658E5}.Release|ARM.Build.0 = Release|Any CPU
		{4DF8799A-2EBE-481E-8181-74878B2658E5}.Release|ARM64.ActiveCfg = Release|Any CPU
		{4DF8799A-2EBE-481E-8181-74878B2658E5}.Release|ARM64.Build.0 = Release|Any CPU
		{4DF8799A-2EBE-481E-8181-74878B2658E5}.Release|iPhone.ActiveCfg = Release|Any CPU
		{4DF8799A-2EBE-481E-8181-74878B2658E5}.Release|iPhone.Build.0 = Release|Any CPU
		{4DF8799A-2EBE-481E-8181-74878B2658E5}.Release|iPhoneSimulator.ActiveCfg = Release|Any CPU
		{4DF8799A-2EBE-481E-8181-74878B2658E5}.Release|iPhoneSimulator.Build.0 = Release|Any CPU
		{4DF8799A-2EBE-481E-8181-74878B2658E5}.Release|x64.ActiveCfg = Release|Any CPU
		{4DF8799A-2EBE-481E-8181-74878B2658E5}.Release|x64.Build.0 = Release|Any CPU
		{4DF8799A-2EBE-481E-8181-74878B2658E5}.Release|x86.ActiveCfg = Release|Any CPU
		{4DF8799A-2EBE-481E-8181-74878B2658E5}.Release|x86.Build.0 = Release|Any CPU
	EndGlobalSection
	GlobalSection(SolutionProperties) = preSolution
		HideSolutionNode = FALSE
	EndGlobalSection
	GlobalSection(NestedProjects) = preSolution
		{9875FC0F-9944-4356-8ABF-4684858300A1} = {49561CC3-D7CF-4CC3-8E55-5DE9CBCDDB62}
		{0FC65758-4BBA-419D-8A1A-D87C2B3F8286} = {49561CC3-D7CF-4CC3-8E55-5DE9CBCDDB62}
		{7B989374-4B0F-441E-87E9-A0D3A9F32338} = {49561CC3-D7CF-4CC3-8E55-5DE9CBCDDB62}
		{49285987-FAB0-417C-9330-2F6FB3082848} = {49561CC3-D7CF-4CC3-8E55-5DE9CBCDDB62}
	EndGlobalSection
	GlobalSection(ExtensibilityGlobals) = postSolution
		SolutionGuid = {54B2DB56-D7C7-44F3-9D68-2616A9EFFE6D}
	EndGlobalSection
EndGlobal
